
Microsoft Visual Studio Solution File, Format Version 12.00
# Visual Studio Version 16
VisualStudioVersion = 16.0.31321.278
MinimumVisualStudioVersion = 10.0.40219.1
Project("{FAE04EC0-301F-11D3-BF4B-00C04F79EFBC}") = "StringCalculatorKata.Tests", "StringCalculatorKata.Tests\StringCalculatorKata.Tests.csproj", "{6675A487-0621-446E-A509-2CE41AC61ACF}"
EndProject
Project("{9A19103F-16F7-4668-BE54-9A1E7A4F7556}") = "StringCalculatorKata", "StringCalculatorKata\StringCalculatorKata.csproj", "{19815EA2-1256-4A93-BEC6-F6950954A2B2}"
EndProject
Project("{2150E333-8FDC-42A3-9474-1A3956D46DE8}") = "Solution Items", "Solution Items", "{919488BB-F4CF-4DC1-9924-AA2C70314288}"
	ProjectSection(SolutionItems) = preProject
		StringCalculatorKata.md = StringCalculatorKata.md
	EndProjectSection
EndProject
Global
	GlobalSection(SolutionConfigurationPlatforms) = preSolution
		Debug|Any CPU = Debug|Any CPU
		Release|Any CPU = Release|Any CPU
	EndGlobalSection
	GlobalSection(ProjectConfigurationPlatforms) = postSolution
		{6675A487-0621-446E-A509-2CE41AC61ACF}.Debug|Any CPU.ActiveCfg = Debug|Any CPU
		{6675A487-0621-446E-A509-2CE41AC61ACF}.Debug|Any CPU.Build.0 = Debug|Any CPU
		{6675A487-0621-446E-A509-2CE41AC61ACF}.Release|Any CPU.ActiveCfg = Release|Any CPU
		{6675A487-0621-446E-A509-2CE41AC61ACF}.Release|Any CPU.Build.0 = Release|Any CPU
		{19815EA2-1256-4A93-BEC6-F6950954A2B2}.Debug|Any CPU.ActiveCfg = Debug|Any CPU
		{19815EA2-1256-4A93-BEC6-F6950954A2B2}.Debug|Any CPU.Build.0 = Debug|Any CPU
		{19815EA2-1256-4A93-BEC6-F6950954A2B2}.Release|Any CPU.ActiveCfg = Release|Any CPU
		{19815EA2-1256-4A93-BEC6-F6950954A2B2}.Release|Any CPU.Build.0 = Release|Any CPU
	EndGlobalSection
	GlobalSection(SolutionProperties) = preSolution
		HideSolutionNode = FALSE
	EndGlobalSection
	GlobalSection(ExtensibilityGlobals) = postSolution
		SolutionGuid = {64DBC008-91C7-4B6B-BA63-6AE9CB7CF978}
	EndGlobalSection
EndGlobal
